
Microsoft Visual Studio Solution File, Format Version 11.00
# Visual Studio 2010
Project("{FAE04EC0-301F-11D3-BF4B-00C04F79EFBC}") = "Railtype-PSM-Engine", "Railtype-PSM-Engine.csproj", "{1D142BA8-003E-49D1-80A7-253B1F04B068}"
EndProject
Global
	GlobalSection(SolutionConfigurationPlatforms) = preSolution
		Debug|Any CPU = Debug|Any CPU
		Release|Any CPU = Release|Any CPU
	EndGlobalSection
	GlobalSection(ProjectConfigurationPlatforms) = postSolution
		{1D142BA8-003E-49D1-80A7-253B1F04B068}.Debug|Any CPU.ActiveCfg = Debug|Any CPU
		{1D142BA8-003E-49D1-80A7-253B1F04B068}.Debug|Any CPU.Build.0 = Debug|Any CPU
		{1D142BA8-003E-49D1-80A7-253B1F04B068}.Release|Any CPU.ActiveCfg = Release|Any CPU
		{1D142BA8-003E-49D1-80A7-253B1F04B068}.Release|Any CPU.Build.0 = Release|Any CPU
	EndGlobalSection
	GlobalSection(MonoDevelopProperties) = preSolution
		StartupItem = Railtype-PSM-Engine.csproj
	EndGlobalSection
EndGlobal
